
Microsoft Visual Studio Solution File, Format Version 12.00
# Visual Studio Version 16
VisualStudioVersion = 16.0.30711.63
MinimumVisualStudioVersion = 10.0.40219.1
Project("{FAE04EC0-301F-11D3-BF4B-00C04F79EFBC}") = "WebAPI", "WebAPI\WebAPI.csproj", "{7DBC7B06-C4B6-4DCB-88B4-00888D083373}"
EndProject
Global
	GlobalSection(SolutionConfigurationPlatforms) = preSolution
		Debug|Any CPU = Debug|Any CPU
		Release|Any CPU = Release|Any CPU
	EndGlobalSection
	GlobalSection(ProjectConfigurationPlatforms) = postSolution
		{7DBC7B06-C4B6-4DCB-88B4-00888D083373}.Debug|Any CPU.ActiveCfg = Debug|Any CPU
		{7DBC7B06-C4B6-4DCB-88B4-00888D083373}.Debug|Any CPU.Build.0 = Debug|Any CPU
		{7DBC7B06-C4B6-4DCB-88B4-00888D083373}.Release|Any CPU.ActiveCfg = Release|Any CPU
		{7DBC7B06-C4B6-4DCB-88B4-00888D083373}.Release|Any CPU.Build.0 = Release|Any CPU
	EndGlobalSection
	GlobalSection(SolutionProperties) = preSolution
		HideSolutionNode = FALSE
	EndGlobalSection
	GlobalSection(ExtensibilityGlobals) = postSolution
		SolutionGuid = {7A04F417-8BB8-419E-AD0E-179C8AB71F6E}
	EndGlobalSection
EndGlobal
